<?xml version="1.0" encoding="utf-8"?>
<Project ToolsVersion="4.0" xmlns="http://schemas.microsoft.com/developer/msbuild/2003">
  <ItemGroup>
    <ClCompile Include="..\game.cpp" />
    <ClCompile Include="Bullet.cpp" />
    <ClCompile Include="CharacterSelectMenu.cpp" />
    <ClCompile Include="EventHealth.cpp" />
    <ClCompile Include="EventNuke.cpp" />
    <ClCompile Include="Explosion.cpp" />
    <ClCompile Include="GameOver.cpp" />
    <ClCompile Include="GameStart.cpp" />
    <ClCompile Include="HealthPack.cpp" />
    <ClCompile Include="Hero.cpp" />
    <ClCompile Include="Platform.cpp" />
    <ClCompile Include="Points.cpp" />
    <ClCompile Include="Reticle.cpp" />
    <ClCompile Include="Saucer.cpp" />
    <ClCompile Include="Star.cpp" />
    <ClCompile Include="TestingCharacter.cpp" />
    <ClCompile Include="PlayerCharacter.cpp" />
    <ClCompile Include="MenuReticle.cpp" />
    <ClCompile Include="Player1Reticle.cpp" />
    <ClCompile Include="Player2Reticle.cpp" />
    <ClCompile Include="PlayerSelected.cpp" />
  </ItemGroup>
  <ItemGroup>
    <ClInclude Include="Bullet.h" />
    <ClInclude Include="CharacterSelectMenu.h" />
    <ClInclude Include="EventHealth.h" />
    <ClInclude Include="EventNuke.h" />
    <ClInclude Include="Explosion.h" />
    <ClInclude Include="GameOver.h" />
    <ClInclude Include="GameStart.h" />
    <ClInclude Include="HealthPack.h" />
    <ClInclude Include="Hero.h" />
    <ClInclude Include="MenuReticle.h" />
    <ClInclude Include="Platform.h" />
    <ClInclude Include="Points.h" />
    <ClInclude Include="Reticle.h" />
    <ClInclude Include="Saucer.h" />
    <ClInclude Include="Star.h" />
    <ClInclude Include="TestingCharacter.h" />
    <ClInclude Include="PlayerCharacter.h" />
    <ClInclude Include="Player1Reticle.h" />
    <ClInclude Include="Player2Reticle.h" />
    <ClInclude Include="PlayerSelected.h" />
  </ItemGroup>
</Project>